
Microsoft Visual Studio Solution File, Format Version 12.00
# Visual Studio Version 17
VisualStudioVersion = 17.14.36327.8
MinimumVisualStudioVersion = 10.0.40219.1
Project("{FAE04EC0-301F-11D3-BF4B-00C04F79EFBC}") = "Orestes.Simulator.WebAPI", "Orestes.Simulator.WebAPI\Orestes.Simulator.WebAPI.csproj", "{635E143A-E29F-4420-82E7-917082836E5D}"
EndProject
Project("{FAE04EC0-301F-11D3-BF4B-00C04F79EFBC}") = "Orestes.Simulator.DataSource", "Orestes.Simulator.DataSource\Orestes.Simulator.DataSource.csproj", "{1DD21D89-C78B-47A9-830E-4AC0BB4DE08A}"
EndProject
Project("{FAE04EC0-301F-11D3-BF4B-00C04F79EFBC}") = "Orestes.Simulator.ConsoleApp", "Orestes.Simulator.ConsoleApp\Orestes.Simulator.ConsoleApp.csproj", "{37A5B975-AACD-44DF-A284-CE43D3A0978E}"
EndProject
Project("{FAE04EC0-301F-11D3-BF4B-00C04F79EFBC}") = "Orestes.Simulator.Testing", "Orestes.Simulator.Testing\Orestes.Simulator.Testing.csproj", "{CD9B66A7-645E-42DF-B2FE-E56DE1A6210A}"
EndProject
Global
	GlobalSection(SolutionConfigurationPlatforms) = preSolution
		Debug|Any CPU = Debug|Any CPU
		Release|Any CPU = Release|Any CPU
	EndGlobalSection
	GlobalSection(ProjectConfigurationPlatforms) = postSolution
		{635E143A-E29F-4420-82E7-917082836E5D}.Debug|Any CPU.ActiveCfg = Debug|Any CPU
		{635E143A-E29F-4420-82E7-917082836E5D}.Debug|Any CPU.Build.0 = Debug|Any CPU
		{635E143A-E29F-4420-82E7-917082836E5D}.Release|Any CPU.ActiveCfg = Release|Any CPU
		{635E143A-E29F-4420-82E7-917082836E5D}.Release|Any CPU.Build.0 = Release|Any CPU
		{1DD21D89-C78B-47A9-830E-4AC0BB4DE08A}.Debug|Any CPU.ActiveCfg = Debug|Any CPU
		{1DD21D89-C78B-47A9-830E-4AC0BB4DE08A}.Debug|Any CPU.Build.0 = Debug|Any CPU
		{1DD21D89-C78B-47A9-830E-4AC0BB4DE08A}.Release|Any CPU.ActiveCfg = Release|Any CPU
		{1DD21D89-C78B-47A9-830E-4AC0BB4DE08A}.Release|Any CPU.Build.0 = Release|Any CPU
		{37A5B975-AACD-44DF-A284-CE43D3A0978E}.Debug|Any CPU.ActiveCfg = Debug|Any CPU
		{37A5B975-AACD-44DF-A284-CE43D3A0978E}.Debug|Any CPU.Build.0 = Debug|Any CPU
		{37A5B975-AACD-44DF-A284-CE43D3A0978E}.Release|Any CPU.ActiveCfg = Release|Any CPU
		{37A5B975-AACD-44DF-A284-CE43D3A0978E}.Release|Any CPU.Build.0 = Release|Any CPU
		{CD9B66A7-645E-42DF-B2FE-E56DE1A6210A}.Debug|Any CPU.ActiveCfg = Debug|Any CPU
		{CD9B66A7-645E-42DF-B2FE-E56DE1A6210A}.Debug|Any CPU.Build.0 = Debug|Any CPU
		{CD9B66A7-645E-42DF-B2FE-E56DE1A6210A}.Release|Any CPU.ActiveCfg = Release|Any CPU
		{CD9B66A7-645E-42DF-B2FE-E56DE1A6210A}.Release|Any CPU.Build.0 = Release|Any CPU
	EndGlobalSection
	GlobalSection(SolutionProperties) = preSolution
		HideSolutionNode = FALSE
	EndGlobalSection
	GlobalSection(ExtensibilityGlobals) = postSolution
		SolutionGuid = {69A47B09-7E89-475F-8B88-01DC5D399EE4}
	EndGlobalSection
EndGlobal
